
Microsoft Visual Studio Solution File, Format Version 12.00
# Visual Studio 15
VisualStudioVersion = 15.0.26403.0
MinimumVisualStudioVersion = 10.0.40219.1
Project("{FAE04EC0-301F-11D3-BF4B-00C04F79EFBC}") = "Rbt6100AutoLine", "Rbt6100AutoLine\Rbt6100AutoLine.csproj", "{116B3BC3-23C5-4911-8A56-E87E02CF6B85}"
EndProject
Project("{2150E333-8FDC-42A3-9474-1A3956D46DE8}") = "Libs", "Libs", "{A1B0438E-4205-49B4-B200-3AC02866DF60}"
EndProject
Project("{FAE04EC0-301F-11D3-BF4B-00C04F79EFBC}") = "TcpPLC_Binary", "TcpModbus\TcpPLC_Binary.csproj", "{84682A31-6B37-4487-AF6D-3857C66071D0}"
EndProject
Project("{FAE04EC0-301F-11D3-BF4B-00C04F79EFBC}") = "TcpMachine", "TcpMachine\TcpMachine.csproj", "{E2B973A8-B1DB-439A-82E9-CFD96D92BD65}"
EndProject
Project("{2150E333-8FDC-42A3-9474-1A3956D46DE8}") = "Controls", "Controls", "{C685C9B9-83D9-44E1-9791-59DF3BAD2AC4}"
EndProject
Project("{FAE04EC0-301F-11D3-BF4B-00C04F79EFBC}") = "Controls", "Controls\Controls.csproj", "{BB616E20-52F1-4EE3-9833-1C5A491546A7}"
EndProject
Project("{6141683F-8A12-4E36-9623-2EB02B2C2303}") = "Rbt6100AutoLine_Setup", "Rbt6100AutoLine_Setup\Rbt6100AutoLine_Setup.isproj", "{B810F6F0-289E-49E0-BBDF-CD9DB4939F2F}"
EndProject
Global
	GlobalSection(SolutionConfigurationPlatforms) = preSolution
		CD_ROM|Any CPU = CD_ROM|Any CPU
		CD_ROM|x64 = CD_ROM|x64
		CD_ROM|x86 = CD_ROM|x86
		Debug|Any CPU = Debug|Any CPU
		Debug|x64 = Debug|x64
		Debug|x86 = Debug|x86
		DVD-5|Any CPU = DVD-5|Any CPU
		DVD-5|x64 = DVD-5|x64
		DVD-5|x86 = DVD-5|x86
		Release|Any CPU = Release|Any CPU
		Release|x64 = Release|x64
		Release|x86 = Release|x86
		SingleImage|Any CPU = SingleImage|Any CPU
		SingleImage|x64 = SingleImage|x64
		SingleImage|x86 = SingleImage|x86
	EndGlobalSection
	GlobalSection(ProjectConfigurationPlatforms) = postSolution
		{116B3BC3-23C5-4911-8A56-E87E02CF6B85}.CD_ROM|Any CPU.ActiveCfg = Release|Any CPU
		{116B3BC3-23C5-4911-8A56-E87E02CF6B85}.CD_ROM|Any CPU.Build.0 = Release|Any CPU
		{116B3BC3-23C5-4911-8A56-E87E02CF6B85}.CD_ROM|x64.ActiveCfg = Release|x64
		{116B3BC3-23C5-4911-8A56-E87E02CF6B85}.CD_ROM|x64.Build.0 = Release|x64
		{116B3BC3-23C5-4911-8A56-E87E02CF6B85}.CD_ROM|x86.ActiveCfg = Release|x86
		{116B3BC3-23C5-4911-8A56-E87E02CF6B85}.CD_ROM|x86.Build.0 = Release|x86
		{116B3BC3-23C5-4911-8A56-E87E02CF6B85}.Debug|Any CPU.ActiveCfg = Debug|Any CPU
		{116B3BC3-23C5-4911-8A56-E87E02CF6B85}.Debug|Any CPU.Build.0 = Debug|Any CPU
		{116B3BC3-23C5-4911-8A56-E87E02CF6B85}.Debug|x64.ActiveCfg = Debug|x64
		{116B3BC3-23C5-4911-8A56-E87E02CF6B85}.Debug|x64.Build.0 = Debug|x64
		{116B3BC3-23C5-4911-8A56-E87E02CF6B85}.Debug|x86.ActiveCfg = Debug|x86
		{116B3BC3-23C5-4911-8A56-E87E02CF6B85}.Debug|x86.Build.0 = Debug|x86
		{116B3BC3-23C5-4911-8A56-E87E02CF6B85}.DVD-5|Any CPU.ActiveCfg = Debug|Any CPU
		{116B3BC3-23C5-4911-8A56-E87E02CF6B85}.DVD-5|Any CPU.Build.0 = Debug|Any CPU
		{116B3BC3-23C5-4911-8A56-E87E02CF6B85}.DVD-5|x64.ActiveCfg = Debug|x64
		{116B3BC3-23C5-4911-8A56-E87E02CF6B85}.DVD-5|x64.Build.0 = Debug|x64
		{116B3BC3-23C5-4911-8A56-E87E02CF6B85}.DVD-5|x86.ActiveCfg = Debug|x86
		{116B3BC3-23C5-4911-8A56-E87E02CF6B85}.DVD-5|x86.Build.0 = Debug|x86
		{116B3BC3-23C5-4911-8A56-E87E02CF6B85}.Release|Any CPU.ActiveCfg = Release|Any CPU
		{116B3BC3-23C5-4911-8A56-E87E02CF6B85}.Release|Any CPU.Build.0 = Release|Any CPU
		{116B3BC3-23C5-4911-8A56-E87E02CF6B85}.Release|x64.ActiveCfg = Release|x64
		{116B3BC3-23C5-4911-8A56-E87E02CF6B85}.Release|x64.Build.0 = Release|x64
		{116B3BC3-23C5-4911-8A56-E87E02CF6B85}.Release|x86.ActiveCfg = Release|x86
		{116B3BC3-23C5-4911-8A56-E87E02CF6B85}.Release|x86.Build.0 = Release|x86
		{116B3BC3-23C5-4911-8A56-E87E02CF6B85}.SingleImage|Any CPU.ActiveCfg = Release|Any CPU
		{116B3BC3-23C5-4911-8A56-E87E02CF6B85}.SingleImage|Any CPU.Build.0 = Release|Any CPU
		{116B3BC3-23C5-4911-8A56-E87E02CF6B85}.SingleImage|x64.ActiveCfg = Release|x64
		{116B3BC3-23C5-4911-8A56-E87E02CF6B85}.SingleImage|x64.Build.0 = Release|x64
		{116B3BC3-23C5-4911-8A56-E87E02CF6B85}.SingleImage|x86.ActiveCfg = Release|x86
		{116B3BC3-23C5-4911-8A56-E87E02CF6B85}.SingleImage|x86.Build.0 = Release|x86
		{84682A31-6B37-4487-AF6D-3857C66071D0}.CD_ROM|Any CPU.ActiveCfg = Release|Any CPU
		{84682A31-6B37-4487-AF6D-3857C66071D0}.CD_ROM|Any CPU.Build.0 = Release|Any CPU
		{84682A31-6B37-4487-AF6D-3857C66071D0}.CD_ROM|x64.ActiveCfg = Release|Any CPU
		{84682A31-6B37-4487-AF6D-3857C66071D0}.CD_ROM|x64.Build.0 = Release|Any CPU
		{84682A31-6B37-4487-AF6D-3857C66071D0}.CD_ROM|x86.ActiveCfg = Release|Any CPU
		{84682A31-6B37-4487-AF6D-3857C66071D0}.CD_ROM|x86.Build.0 = Release|Any CPU
		{84682A31-6B37-4487-AF6D-3857C66071D0}.Debug|Any CPU.ActiveCfg = Debug|Any CPU
		{84682A31-6B37-4487-AF6D-3857C66071D0}.Debug|Any CPU.Build.0 = Debug|Any CPU
		{84682A31-6B37-4487-AF6D-3857C66071D0}.Debug|x64.ActiveCfg = Debug|Any CPU
		{84682A31-6B37-4487-AF6D-3857C66071D0}.Debug|x64.Build.0 = Debug|Any CPU
		{84682A31-6B37-4487-AF6D-3857C66071D0}.Debug|x86.ActiveCfg = Debug|Any CPU
		{84682A31-6B37-4487-AF6D-3857C66071D0}.Debug|x86.Build.0 = Debug|Any CPU
		{84682A31-6B37-4487-AF6D-3857C66071D0}.DVD-5|Any CPU.ActiveCfg = Debug|Any CPU
		{84682A31-6B37-4487-AF6D-3857C66071D0}.DVD-5|Any CPU.Build.0 = Debug|Any CPU
		{84682A31-6B37-4487-AF6D-3857C66071D0}.DVD-5|x64.ActiveCfg = Debug|Any CPU
		{84682A31-6B37-4487-AF6D-3857C66071D0}.DVD-5|x64.Build.0 = Debug|Any CPU
		{84682A31-6B37-4487-AF6D-3857C66071D0}.DVD-5|x86.ActiveCfg = Debug|Any CPU
		{84682A31-6B37-4487-AF6D-3857C66071D0}.DVD-5|x86.Build.0 = Debug|Any CPU
		{84682A31-6B37-4487-AF6D-3857C66071D0}.Release|Any CPU.ActiveCfg = Release|Any CPU
		{84682A31-6B37-4487-AF6D-3857C66071D0}.Release|Any CPU.Build.0 = Release|Any CPU
		{84682A31-6B37-4487-AF6D-3857C66071D0}.Release|x64.ActiveCfg = Release|Any CPU
		{84682A31-6B37-4487-AF6D-3857C66071D0}.Release|x64.Build.0 = Release|Any CPU
		{84682A31-6B37-4487-AF6D-3857C66071D0}.Release|x86.ActiveCfg = Release|Any CPU
		{84682A31-6B37-4487-AF6D-3857C66071D0}.Release|x86.Build.0 = Release|Any CPU
		{84682A31-6B37-4487-AF6D-3857C66071D0}.SingleImage|Any CPU.ActiveCfg = Release|Any CPU
		{84682A31-6B37-4487-AF6D-3857C66071D0}.SingleImage|Any CPU.Build.0 = Release|Any CPU
		{84682A31-6B37-4487-AF6D-3857C66071D0}.SingleImage|x64.ActiveCfg = Release|Any CPU
		{84682A31-6B37-4487-AF6D-3857C66071D0}.SingleImage|x64.Build.0 = Release|Any CPU
		{84682A31-6B37-4487-AF6D-3857C66071D0}.SingleImage|x86.ActiveCfg = Release|Any CPU
		{84682A31-6B37-4487-AF6D-3857C66071D0}.SingleImage|x86.Build.0 = Release|Any CPU
		{E2B973A8-B1DB-439A-82E9-CFD96D92BD65}.CD_ROM|Any CPU.ActiveCfg = Release|Any CPU
		{E2B973A8-B1DB-439A-82E9-CFD96D92BD65}.CD_ROM|Any CPU.Build.0 = Release|Any CPU
		{E2B973A8-B1DB-439A-82E9-CFD96D92BD65}.CD_ROM|x64.ActiveCfg = Release|Any CPU
		{E2B973A8-B1DB-439A-82E9-CFD96D92BD65}.CD_ROM|x64.Build.0 = Release|Any CPU
		{E2B973A8-B1DB-439A-82E9-CFD96D92BD65}.CD_ROM|x86.ActiveCfg = Release|Any CPU
		{E2B973A8-B1DB-439A-82E9-CFD96D92BD65}.CD_ROM|x86.Build.0 = Release|Any CPU
		{E2B973A8-B1DB-439A-82E9-CFD96D92BD65}.Debug|Any CPU.ActiveCfg = Debug|Any CPU
		{E2B973A8-B1DB-439A-82E9-CFD96D92BD65}.Debug|Any CPU.Build.0 = Debug|Any CPU
		{E2B973A8-B1DB-439A-82E9-CFD96D92BD65}.Debug|x64.ActiveCfg = Debug|Any CPU
		{E2B973A8-B1DB-439A-82E9-CFD96D92BD65}.Debug|x64.Build.0 = Debug|Any CPU
		{E2B973A8-B1DB-439A-82E9-CFD96D92BD65}.Debug|x86.ActiveCfg = Debug|Any CPU
		{E2B973A8-B1DB-439A-82E9-CFD96D92BD65}.Debug|x86.Build.0 = Debug|Any CPU
		{E2B973A8-B1DB-439A-82E9-CFD96D92BD65}.DVD-5|Any CPU.ActiveCfg = Debug|Any CPU
		{E2B973A8-B1DB-439A-82E9-CFD96D92BD65}.DVD-5|Any CPU.Build.0 = Debug|Any CPU
		{E2B973A8-B1DB-439A-82E9-CFD96D92BD65}.DVD-5|x64.ActiveCfg = Debug|Any CPU
		{E2B973A8-B1DB-439A-82E9-CFD96D92BD65}.DVD-5|x64.Build.0 = Debug|Any CPU
		{E2B973A8-B1DB-439A-82E9-CFD96D92BD65}.DVD-5|x86.ActiveCfg = Debug|Any CPU
		{E2B973A8-B1DB-439A-82E9-CFD96D92BD65}.DVD-5|x86.Build.0 = Debug|Any CPU
		{E2B973A8-B1DB-439A-82E9-CFD96D92BD65}.Release|Any CPU.ActiveCfg = Release|Any CPU
		{E2B973A8-B1DB-439A-82E9-CFD96D92BD65}.Release|Any CPU.Build.0 = Release|Any CPU
		{E2B973A8-B1DB-439A-82E9-CFD96D92BD65}.Release|x64.ActiveCfg = Release|Any CPU
		{E2B973A8-B1DB-439A-82E9-CFD96D92BD65}.Release|x64.Build.0 = Release|Any CPU
		{E2B973A8-B1DB-439A-82E9-CFD96D92BD65}.Release|x86.ActiveCfg = Release|Any CPU
		{E2B973A8-B1DB-439A-82E9-CFD96D92BD65}.Release|x86.Build.0 = Release|Any CPU
		{E2B973A8-B1DB-439A-82E9-CFD96D92BD65}.SingleImage|Any CPU.ActiveCfg = Release|Any CPU
		{E2B973A8-B1DB-439A-82E9-CFD96D92BD65}.SingleImage|Any CPU.Build.0 = Release|Any CPU
		{E2B973A8-B1DB-439A-82E9-CFD96D92BD65}.SingleImage|x64.ActiveCfg = Release|Any CPU
		{E2B973A8-B1DB-439A-82E9-CFD96D92BD65}.SingleImage|x64.Build.0 = Release|Any CPU
		{E2B973A8-B1DB-439A-82E9-CFD96D92BD65}.SingleImage|x86.ActiveCfg = Release|Any CPU
		{E2B973A8-B1DB-439A-82E9-CFD96D92BD65}.SingleImage|x86.Build.0 = Release|Any CPU
		{BB616E20-52F1-4EE3-9833-1C5A491546A7}.CD_ROM|Any CPU.ActiveCfg = Release|Any CPU
		{BB616E20-52F1-4EE3-9833-1C5A491546A7}.CD_ROM|Any CPU.Build.0 = Release|Any CPU
		{BB616E20-52F1-4EE3-9833-1C5A491546A7}.CD_ROM|x64.ActiveCfg = Release|Any CPU
		{BB616E20-52F1-4EE3-9833-1C5A491546A7}.CD_ROM|x64.Build.0 = Release|Any CPU
		{BB616E20-52F1-4EE3-9833-1C5A491546A7}.CD_ROM|x86.ActiveCfg = Release|Any CPU
		{BB616E20-52F1-4EE3-9833-1C5A491546A7}.CD_ROM|x86.Build.0 = Release|Any CPU
		{BB616E20-52F1-4EE3-9833-1C5A491546A7}.Debug|Any CPU.ActiveCfg = Debug|Any CPU
		{BB616E20-52F1-4EE3-9833-1C5A491546A7}.Debug|Any CPU.Build.0 = Debug|Any CPU
		{BB616E20-52F1-4EE3-9833-1C5A491546A7}.Debug|x64.ActiveCfg = Debug|Any CPU
		{BB616E20-52F1-4EE3-9833-1C5A491546A7}.Debug|x64.Build.0 = Debug|Any CPU
		{BB616E20-52F1-4EE3-9833-1C5A491546A7}.Debug|x86.ActiveCfg = Debug|Any CPU
		{BB616E20-52F1-4EE3-9833-1C5A491546A7}.Debug|x86.Build.0 = Debug|Any CPU
		{BB616E20-52F1-4EE3-9833-1C5A491546A7}.DVD-5|Any CPU.ActiveCfg = Debug|Any CPU
		{BB616E20-52F1-4EE3-9833-1C5A491546A7}.DVD-5|Any CPU.Build.0 = Debug|Any CPU
		{BB616E20-52F1-4EE3-9833-1C5A491546A7}.DVD-5|x64.ActiveCfg = Debug|Any CPU
		{BB616E20-52F1-4EE3-9833-1C5A491546A7}.DVD-5|x64.Build.0 = Debug|Any CPU
		{BB616E20-52F1-4EE3-9833-1C5A491546A7}.DVD-5|x86.ActiveCfg = Debug|Any CPU
		{BB616E20-52F1-4EE3-9833-1C5A491546A7}.DVD-5|x86.Build.0 = Debug|Any CPU
		{BB616E20-52F1-4EE3-9833-1C5A491546A7}.Release|Any CPU.ActiveCfg = Release|Any CPU
		{BB616E20-52F1-4EE3-9833-1C5A491546A7}.Release|Any CPU.Build.0 = Release|Any CPU
		{BB616E20-52F1-4EE3-9833-1C5A491546A7}.Release|x64.ActiveCfg = Release|Any CPU
		{BB616E20-52F1-4EE3-9833-1C5A491546A7}.Release|x64.Build.0 = Release|Any CPU
		{BB616E20-52F1-4EE3-9833-1C5A491546A7}.Release|x86.ActiveCfg = Release|Any CPU
		{BB616E20-52F1-4EE3-9833-1C5A491546A7}.Release|x86.Build.0 = Release|Any CPU
		{BB616E20-52F1-4EE3-9833-1C5A491546A7}.SingleImage|Any CPU.ActiveCfg = Release|Any CPU
		{BB616E20-52F1-4EE3-9833-1C5A491546A7}.SingleImage|Any CPU.Build.0 = Release|Any CPU
		{BB616E20-52F1-4EE3-9833-1C5A491546A7}.SingleImage|x64.ActiveCfg = Release|Any CPU
		{BB616E20-52F1-4EE3-9833-1C5A491546A7}.SingleImage|x64.Build.0 = Release|Any CPU
		{BB616E20-52F1-4EE3-9833-1C5A491546A7}.SingleImage|x86.ActiveCfg = Release|Any CPU
		{BB616E20-52F1-4EE3-9833-1C5A491546A7}.SingleImage|x86.Build.0 = Release|Any CPU
		{B810F6F0-289E-49E0-BBDF-CD9DB4939F2F}.CD_ROM|Any CPU.ActiveCfg = CD_ROM
		{B810F6F0-289E-49E0-BBDF-CD9DB4939F2F}.CD_ROM|Any CPU.Build.0 = CD_ROM
		{B810F6F0-289E-49E0-BBDF-CD9DB4939F2F}.CD_ROM|x64.ActiveCfg = CD_ROM
		{B810F6F0-289E-49E0-BBDF-CD9DB4939F2F}.CD_ROM|x64.Build.0 = CD_ROM
		{B810F6F0-289E-49E0-BBDF-CD9DB4939F2F}.CD_ROM|x86.ActiveCfg = CD_ROM
		{B810F6F0-289E-49E0-BBDF-CD9DB4939F2F}.CD_ROM|x86.Build.0 = CD_ROM
		{B810F6F0-289E-49E0-BBDF-CD9DB4939F2F}.Debug|Any CPU.ActiveCfg = DVD-5
		{B810F6F0-289E-49E0-BBDF-CD9DB4939F2F}.Debug|Any CPU.Build.0 = DVD-5
		{B810F6F0-289E-49E0-BBDF-CD9DB4939F2F}.Debug|x64.ActiveCfg = DVD-5
		{B810F6F0-289E-49E0-BBDF-CD9DB4939F2F}.Debug|x64.Build.0 = DVD-5
		{B810F6F0-289E-49E0-BBDF-CD9DB4939F2F}.Debug|x86.ActiveCfg = DVD-5
		{B810F6F0-289E-49E0-BBDF-CD9DB4939F2F}.Debug|x86.Build.0 = DVD-5
		{B810F6F0-289E-49E0-BBDF-CD9DB4939F2F}.DVD-5|Any CPU.ActiveCfg = DVD-5
		{B810F6F0-289E-49E0-BBDF-CD9DB4939F2F}.DVD-5|Any CPU.Build.0 = DVD-5
		{B810F6F0-289E-49E0-BBDF-CD9DB4939F2F}.DVD-5|x64.ActiveCfg = DVD-5
		{B810F6F0-289E-49E0-BBDF-CD9DB4939F2F}.DVD-5|x64.Build.0 = DVD-5
		{B810F6F0-289E-49E0-BBDF-CD9DB4939F2F}.DVD-5|x86.ActiveCfg = DVD-5
		{B810F6F0-289E-49E0-BBDF-CD9DB4939F2F}.DVD-5|x86.Build.0 = DVD-5
		{B810F6F0-289E-49E0-BBDF-CD9DB4939F2F}.Release|Any CPU.ActiveCfg = SingleImage
		{B810F6F0-289E-49E0-BBDF-CD9DB4939F2F}.Release|Any CPU.Build.0 = SingleImage
		{B810F6F0-289E-49E0-BBDF-CD9DB4939F2F}.Release|x64.ActiveCfg = SingleImage
		{B810F6F0-289E-49E0-BBDF-CD9DB4939F2F}.Release|x64.Build.0 = SingleImage
		{B810F6F0-289E-49E0-BBDF-CD9DB4939F2F}.Release|x86.ActiveCfg = SingleImage
		{B810F6F0-289E-49E0-BBDF-CD9DB4939F2F}.Release|x86.Build.0 = SingleImage
		{B810F6F0-289E-49E0-BBDF-CD9DB4939F2F}.SingleImage|Any CPU.ActiveCfg = SingleImage
		{B810F6F0-289E-49E0-BBDF-CD9DB4939F2F}.SingleImage|Any CPU.Build.0 = SingleImage
		{B810F6F0-289E-49E0-BBDF-CD9DB4939F2F}.SingleImage|x64.ActiveCfg = SingleImage
		{B810F6F0-289E-49E0-BBDF-CD9DB4939F2F}.SingleImage|x64.Build.0 = SingleImage
		{B810F6F0-289E-49E0-BBDF-CD9DB4939F2F}.SingleImage|x86.ActiveCfg = SingleImage
		{B810F6F0-289E-49E0-BBDF-CD9DB4939F2F}.SingleImage|x86.Build.0 = SingleImage
	EndGlobalSection
	GlobalSection(SolutionProperties) = preSolution
		HideSolutionNode = FALSE
	EndGlobalSection
	GlobalSection(NestedProjects) = preSolution
		{84682A31-6B37-4487-AF6D-3857C66071D0} = {A1B0438E-4205-49B4-B200-3AC02866DF60}
		{E2B973A8-B1DB-439A-82E9-CFD96D92BD65} = {A1B0438E-4205-49B4-B200-3AC02866DF60}
		{C685C9B9-83D9-44E1-9791-59DF3BAD2AC4} = {A1B0438E-4205-49B4-B200-3AC02866DF60}
		{BB616E20-52F1-4EE3-9833-1C5A491546A7} = {C685C9B9-83D9-44E1-9791-59DF3BAD2AC4}
	EndGlobalSection
EndGlobal
