
Microsoft Visual Studio Solution File, Format Version 12.00
# Visual Studio 14
VisualStudioVersion = 14.0.25420.1
MinimumVisualStudioVersion = 10.0.40219.1
Project("{FAE04EC0-301F-11D3-BF4B-00C04F79EFBC}") = "Rbt6100AutoLine", "Rbt6100AutoLine\Rbt6100AutoLine.csproj", "{116B3BC3-23C5-4911-8A56-E87E02CF6B85}"
EndProject
Project("{2150E333-8FDC-42A3-9474-1A3956D46DE8}") = "Libs", "Libs", "{A1B0438E-4205-49B4-B200-3AC02866DF60}"
EndProject
Project("{FAE04EC0-301F-11D3-BF4B-00C04F79EFBC}") = "TcpPLC_Binary", "TcpModbus\TcpPLC_Binary.csproj", "{84682A31-6B37-4487-AF6D-3857C66071D0}"
EndProject
Project("{FAE04EC0-301F-11D3-BF4B-00C04F79EFBC}") = "TcpMachine", "TcpMachine\TcpMachine.csproj", "{E2B973A8-B1DB-439A-82E9-CFD96D92BD65}"
EndProject
Project("{FAE04EC0-301F-11D3-BF4B-00C04F79EFBC}") = "TcpMGCS", "TcpMGCS\TcpMGCS.csproj", "{8A012358-C806-48F6-9706-2781C2D6E733}"
EndProject
Global
	GlobalSection(SolutionConfigurationPlatforms) = preSolution
		Debug|Any CPU = Debug|Any CPU
		Debug|x64 = Debug|x64
		Debug|x86 = Debug|x86
		Release|Any CPU = Release|Any CPU
		Release|x64 = Release|x64
		Release|x86 = Release|x86
	EndGlobalSection
	GlobalSection(ProjectConfigurationPlatforms) = postSolution
		{116B3BC3-23C5-4911-8A56-E87E02CF6B85}.Debug|Any CPU.ActiveCfg = Debug|Any CPU
		{116B3BC3-23C5-4911-8A56-E87E02CF6B85}.Debug|Any CPU.Build.0 = Debug|Any CPU
		{116B3BC3-23C5-4911-8A56-E87E02CF6B85}.Debug|x64.ActiveCfg = Debug|x64
		{116B3BC3-23C5-4911-8A56-E87E02CF6B85}.Debug|x64.Build.0 = Debug|x64
		{116B3BC3-23C5-4911-8A56-E87E02CF6B85}.Debug|x86.ActiveCfg = Debug|x86
		{116B3BC3-23C5-4911-8A56-E87E02CF6B85}.Debug|x86.Build.0 = Debug|x86
		{116B3BC3-23C5-4911-8A56-E87E02CF6B85}.Release|Any CPU.ActiveCfg = Release|Any CPU
		{116B3BC3-23C5-4911-8A56-E87E02CF6B85}.Release|Any CPU.Build.0 = Release|Any CPU
		{116B3BC3-23C5-4911-8A56-E87E02CF6B85}.Release|x64.ActiveCfg = Release|x64
		{116B3BC3-23C5-4911-8A56-E87E02CF6B85}.Release|x64.Build.0 = Release|x64
		{116B3BC3-23C5-4911-8A56-E87E02CF6B85}.Release|x86.ActiveCfg = Release|x86
		{116B3BC3-23C5-4911-8A56-E87E02CF6B85}.Release|x86.Build.0 = Release|x86
		{84682A31-6B37-4487-AF6D-3857C66071D0}.Debug|Any CPU.ActiveCfg = Debug|Any CPU
		{84682A31-6B37-4487-AF6D-3857C66071D0}.Debug|Any CPU.Build.0 = Debug|Any CPU
		{84682A31-6B37-4487-AF6D-3857C66071D0}.Debug|x64.ActiveCfg = Debug|Any CPU
		{84682A31-6B37-4487-AF6D-3857C66071D0}.Debug|x64.Build.0 = Debug|Any CPU
		{84682A31-6B37-4487-AF6D-3857C66071D0}.Debug|x86.ActiveCfg = Debug|Any CPU
		{84682A31-6B37-4487-AF6D-3857C66071D0}.Debug|x86.Build.0 = Debug|Any CPU
		{84682A31-6B37-4487-AF6D-3857C66071D0}.Release|Any CPU.ActiveCfg = Release|Any CPU
		{84682A31-6B37-4487-AF6D-3857C66071D0}.Release|Any CPU.Build.0 = Release|Any CPU
		{84682A31-6B37-4487-AF6D-3857C66071D0}.Release|x64.ActiveCfg = Release|Any CPU
		{84682A31-6B37-4487-AF6D-3857C66071D0}.Release|x64.Build.0 = Release|Any CPU
		{84682A31-6B37-4487-AF6D-3857C66071D0}.Release|x86.ActiveCfg = Release|Any CPU
		{84682A31-6B37-4487-AF6D-3857C66071D0}.Release|x86.Build.0 = Release|Any CPU
		{E2B973A8-B1DB-439A-82E9-CFD96D92BD65}.Debug|Any CPU.ActiveCfg = Debug|Any CPU
		{E2B973A8-B1DB-439A-82E9-CFD96D92BD65}.Debug|Any CPU.Build.0 = Debug|Any CPU
		{E2B973A8-B1DB-439A-82E9-CFD96D92BD65}.Debug|x64.ActiveCfg = Debug|Any CPU
		{E2B973A8-B1DB-439A-82E9-CFD96D92BD65}.Debug|x64.Build.0 = Debug|Any CPU
		{E2B973A8-B1DB-439A-82E9-CFD96D92BD65}.Debug|x86.ActiveCfg = Debug|Any CPU
		{E2B973A8-B1DB-439A-82E9-CFD96D92BD65}.Debug|x86.Build.0 = Debug|Any CPU
		{E2B973A8-B1DB-439A-82E9-CFD96D92BD65}.Release|Any CPU.ActiveCfg = Release|Any CPU
		{E2B973A8-B1DB-439A-82E9-CFD96D92BD65}.Release|Any CPU.Build.0 = Release|Any CPU
		{E2B973A8-B1DB-439A-82E9-CFD96D92BD65}.Release|x64.ActiveCfg = Release|Any CPU
		{E2B973A8-B1DB-439A-82E9-CFD96D92BD65}.Release|x64.Build.0 = Release|Any CPU
		{E2B973A8-B1DB-439A-82E9-CFD96D92BD65}.Release|x86.ActiveCfg = Release|Any CPU
		{E2B973A8-B1DB-439A-82E9-CFD96D92BD65}.Release|x86.Build.0 = Release|Any CPU
		{8A012358-C806-48F6-9706-2781C2D6E733}.Debug|Any CPU.ActiveCfg = Debug|Any CPU
		{8A012358-C806-48F6-9706-2781C2D6E733}.Debug|Any CPU.Build.0 = Debug|Any CPU
		{8A012358-C806-48F6-9706-2781C2D6E733}.Debug|x64.ActiveCfg = Debug|Any CPU
		{8A012358-C806-48F6-9706-2781C2D6E733}.Debug|x64.Build.0 = Debug|Any CPU
		{8A012358-C806-48F6-9706-2781C2D6E733}.Debug|x86.ActiveCfg = Debug|Any CPU
		{8A012358-C806-48F6-9706-2781C2D6E733}.Debug|x86.Build.0 = Debug|Any CPU
		{8A012358-C806-48F6-9706-2781C2D6E733}.Release|Any CPU.ActiveCfg = Release|Any CPU
		{8A012358-C806-48F6-9706-2781C2D6E733}.Release|Any CPU.Build.0 = Release|Any CPU
		{8A012358-C806-48F6-9706-2781C2D6E733}.Release|x64.ActiveCfg = Release|Any CPU
		{8A012358-C806-48F6-9706-2781C2D6E733}.Release|x64.Build.0 = Release|Any CPU
		{8A012358-C806-48F6-9706-2781C2D6E733}.Release|x86.ActiveCfg = Release|Any CPU
		{8A012358-C806-48F6-9706-2781C2D6E733}.Release|x86.Build.0 = Release|Any CPU
	EndGlobalSection
	GlobalSection(SolutionProperties) = preSolution
		HideSolutionNode = FALSE
	EndGlobalSection
	GlobalSection(NestedProjects) = preSolution
		{84682A31-6B37-4487-AF6D-3857C66071D0} = {A1B0438E-4205-49B4-B200-3AC02866DF60}
		{E2B973A8-B1DB-439A-82E9-CFD96D92BD65} = {A1B0438E-4205-49B4-B200-3AC02866DF60}
		{8A012358-C806-48F6-9706-2781C2D6E733} = {A1B0438E-4205-49B4-B200-3AC02866DF60}
	EndGlobalSection
EndGlobal
